<?xml version="1.0" encoding="utf-8"?>
<Project ToolsVersion="4.0" xmlns="http://schemas.microsoft.com/developer/msbuild/2003">
  <ItemGroup>
    <Filter Include="소스 파일">
      <UniqueIdentifier>{4FC737F1-C7A5-4376-A066-2A32D752A2FF}</UniqueIdentifier>
      <Extensions>cpp;c;cc;cxx;c++;cppm;ixx;def;odl;idl;hpj;bat;asm;asmx</Extensions>
    </Filter>
    <Filter Include="헤더 파일">
      <UniqueIdentifier>{93995380-89BD-4b04-88EB-625FBE52EBFB}</UniqueIdentifier>
      <Extensions>h;hh;hpp;hxx;h++;hm;inl;inc;ipp;xsd</Extensions>
    </Filter>
    <Filter Include="리소스 파일">
      <UniqueIdentifier>{67DA6AB6-F800-4c08-8B7A-83BB121AAD01}</UniqueIdentifier>
      <Extensions>rc;ico;cur;bmp;dlg;rc2;rct;bin;rgs;gif;jpg;jpeg;jpe;resx;tiff;tif;png;wav;mfcribbon-ms</Extensions>
    </Filter>
  </ItemGroup>
  <ItemGroup>
    <ClCompile Include="..\TCC\AirThreatScenario.cpp">
      <Filter>소스 파일</Filter>
    </ClCompile>
    <ClCompile Include="..\TCC\ATS.cpp">
      <Filter>소스 파일</Filter>
    </ClCompile>
    <ClCompile Include="..\TCC\IMode.cpp">
      <Filter>소스 파일</Filter>
    </ClCompile>
    <ClCompile Include="..\TCC\M_DONE.cpp">
      <Filter>소스 파일</Filter>
    </ClCompile>
    <ClCompile Include="..\TCC\M_IDLE.cpp">
      <Filter>소스 파일</Filter>
    </ClCompile>
    <ClCompile Include="..\TCC\M_OPERATION.cpp">
      <Filter>소스 파일</Filter>
    </ClCompile>
    <ClCompile Include="..\TCC\M_PAUSE.cpp">
      <Filter>소스 파일</Filter>
    </ClCompile>
    <ClCompile Include="..\TCC\M_STBY.cpp">
      <Filter>소스 파일</Filter>
    </ClCompile>
    <ClCompile Include="..\TCC\MissileScenario.cpp">
      <Filter>소스 파일</Filter>
    </ClCompile>
    <ClCompile Include="..\TCC\MSS.cpp">
      <Filter>소스 파일</Filter>
    </ClCompile>
    <ClCompile Include="..\TCC\Scenario.cpp">
      <Filter>소스 파일</Filter>
    </ClCompile>
    <ClCompile Include="..\TCC\ScenarioManager.cpp">
      <Filter>소스 파일</Filter>
    </ClCompile>
    <ClCompile Include="..\TCC\Simulator.cpp">
      <Filter>소스 파일</Filter>
    </ClCompile>
    <ClCompile Include="..\TCC\TCC.cpp">
      <Filter>소스 파일</Filter>
    </ClCompile>
    <ClCompile Include="..\TCC\tinyxml.cpp">
      <Filter>소스 파일</Filter>
    </ClCompile>
    <ClCompile Include="..\TCC\tinyxmlerror.cpp">
      <Filter>소스 파일</Filter>
    </ClCompile>
    <ClCompile Include="..\TCC\tinyxmlparser.cpp">
      <Filter>소스 파일</Filter>
    </ClCompile>
    <ClCompile Include="..\TCC\UDP.cpp">
      <Filter>소스 파일</Filter>
    </ClCompile>
    <ClCompile Include="..\TCC\tinystr.cpp">
      <Filter>헤더 파일</Filter>
    </ClCompile>
  </ItemGroup>
  <ItemGroup>
    <ClInclude Include="..\TCC\AirThreatScenario.h">
      <Filter>헤더 파일</Filter>
    </ClInclude>
    <ClInclude Include="..\TCC\ATS.h">
      <Filter>헤더 파일</Filter>
    </ClInclude>
    <ClInclude Include="..\TCC\IMode.h">
      <Filter>헤더 파일</Filter>
    </ClInclude>
    <ClInclude Include="..\TCC\M_DONE.h">
      <Filter>헤더 파일</Filter>
    </ClInclude>
    <ClInclude Include="..\TCC\M_IDLE.h">
      <Filter>헤더 파일</Filter>
    </ClInclude>
    <ClInclude Include="..\TCC\M_OPERATION.h">
      <Filter>헤더 파일</Filter>
    </ClInclude>
    <ClInclude Include="..\TCC\M_PAUSE.h">
      <Filter>헤더 파일</Filter>
    </ClInclude>
    <ClInclude Include="..\TCC\M_STBY.h">
      <Filter>헤더 파일</Filter>
    </ClInclude>
    <ClInclude Include="..\TCC\MissileScenario.h">
      <Filter>헤더 파일</Filter>
    </ClInclude>
    <ClInclude Include="..\TCC\MSS.h">
      <Filter>헤더 파일</Filter>
    </ClInclude>
    <ClInclude Include="..\TCC\Position.h">
      <Filter>헤더 파일</Filter>
    </ClInclude>
    <ClInclude Include="..\TCC\resource.h">
      <Filter>헤더 파일</Filter>
    </ClInclude>
    <ClInclude Include="..\TCC\Scenario.h">
      <Filter>헤더 파일</Filter>
    </ClInclude>
    <ClInclude Include="..\TCC\ScenarioManager.h">
      <Filter>헤더 파일</Filter>
    </ClInclude>
    <ClInclude Include="..\TCC\Simulator.h">
      <Filter>헤더 파일</Filter>
    </ClInclude>
    <ClInclude Include="..\TCC\TCC.h">
      <Filter>헤더 파일</Filter>
    </ClInclude>
    <ClInclude Include="..\TCC\tinystr.h">
      <Filter>헤더 파일</Filter>
    </ClInclude>
    <ClInclude Include="..\TCC\UDP.h">
      <Filter>헤더 파일</Filter>
    </ClInclude>
  </ItemGroup>
</Project>